schema_version: 1
homelab:
  repository: https://github.com/fabianobr/homelab-ai.git
  tag: v1.0.0
ollama:
  - name: qwen3:8b
  - name: qwen2.5vl:7b
  - name: gemma3:12b
comfyui:
  models:
    - id: ltx-2.3-checkpoint
      repository: Lightricks/LTX-2.3-fp8
      revision: main
      url: https://huggingface.co/Lightricks/LTX-2.3-fp8/resolve/main/ltx-2.3-22b-dev-fp8.safetensors
      destination: models/checkpoints/ltx-2.3-22b-dev-fp8.safetensors
      size_bytes: 29100000000
      sha256: 28606c5b5a06ce56f896d4dfcb20f212739e07a68fbe48e53638188449d26450
      license: ltx-2.3-community-license
      license_url: https://huggingface.co/Lightricks/LTX-2.3-fp8/blob/main/LICENSE
      requires_hf_token: true
    - id: ltx-2.3-text-encoder
      repository: Comfy-Org/ltx-2
      revision: 9592c0176b8d00bd93f3a566c4443fbff2153374
      url: https://huggingface.co/Comfy-Org/ltx-2/resolve/9592c0176b8d00bd93f3a566c4443fbff2153374/split_files/text_encoders/gemma_3_12B_it_fp4_mixed.safetensors
      destination: models/text_encoders/gemma_3_12B_it_fp4_mixed.safetensors
      size_bytes: 7400000000
      sha256: aaca463d11e6d8d2a4bdb0d6299214c15ef78a3f73e0ef8113d5a9d0219b3f6d
      license: apache-2.0
      license_url: https://huggingface.co/Comfy-Org/ltx-2/blob/main/LICENSE
      requires_hf_token: false
    - id: ltx-2.3-distilled-lora-dynamic
      repository: Comfy-Org/ltx-2.3
      revision: e14c0e7f46a1d68384214a3c6e6b309a382016dd
      url: https://huggingface.co/Comfy-Org/ltx-2.3/resolve/e14c0e7f46a1d68384214a3c6e6b309a382016dd/split_files/loras/ltx_2.3_22b_distilled_1.1_lora_dynamic_fro09_avg_rank_111_bf16.safetensors
      destination: models/loras/ltx_2.3_22b_distilled_1.1_lora_dynamic_fro09_avg_rank_111_bf16.safetensors
      size_bytes: 2741024390
      sha256: 31e0c0195fb841bf31af78e8b60858f489e87ddcea4a5239abc80943da65e3ac
      license: ltx-2.3-community-license
      license_url: https://huggingface.co/Lightricks/LTX-2.3/blob/main/LICENSE
      requires_hf_token: false
    - id: ltx-2.3-spatial-upscaler-x2
      repository: Lightricks/LTX-2.3
      revision: 76730e634e70a28f4e8d51f5e29c08e40e2d8e74
      url: https://huggingface.co/Lightricks/LTX-2.3/resolve/76730e634e70a28f4e8d51f5e29c08e40e2d8e74/ltx-2.3-spatial-upscaler-x2-1.1.safetensors
      destination: models/latent_upscale_models/ltx-2.3-spatial-upscaler-x2-1.1.safetensors
      size_bytes: 995743560
      sha256: 5f416311fa8172b65af67530758964708d29a317b830d689a51143b7f91913ed
      license: ltx-2.3-community-license
      license_url: https://huggingface.co/Lightricks/LTX-2.3/blob/main/LICENSE
      requires_hf_token: false
  custom_nodes:
    - name: ComfyUI-Manager
      repository: https://github.com/ltdrdata/ComfyUI-Manager.git
      commit: 8da299d978fc7063282cfe2f3978cef26be2db2a
    - name: ComfyUI-LTXVideo
      repository: https://github.com/Lightricks/ComfyUI-LTXVideo.git
      commit: 4f45fd6c222eb06eb3e46605da62e7c889e4be5c
